
Microsoft Visual Studio Solution File, Format Version 12.00
# Visual Studio 15
VisualStudioVersion = 15.0.26228.4
MinimumVisualStudioVersion = 10.0.40219.1
Project("{FAE04EC0-301F-11D3-BF4B-00C04F79EFBC}") = "Munin.DAL", "Munin.DAL\Munin.DAL.csproj", "{5E3A07C7-8935-4E6B-B205-316BEC4FD443}"
EndProject
Project("{FAE04EC0-301F-11D3-BF4B-00C04F79EFBC}") = "ILABDb.DAL", "ILABDb.DAL\ILABDb.DAL.csproj", "{E6367680-B019-4D82-9229-90F02402B54F}"
EndProject
Project("{FAE04EC0-301F-11D3-BF4B-00C04F79EFBC}") = "DBMigration", "DBMigration\DBMigration.csproj", "{FC2C2ECE-1240-4692-B450-09B42FD795C7}"
EndProject
Project("{FAE04EC0-301F-11D3-BF4B-00C04F79EFBC}") = "Munin.Web", "Munin.Web\Munin.Web.csproj", "{C189820C-0CD7-4077-ACE8-497D62240E1C}"
EndProject
Global
	GlobalSection(SolutionConfigurationPlatforms) = preSolution
		Debug|Any CPU = Debug|Any CPU
		Release|Any CPU = Release|Any CPU
	EndGlobalSection
	GlobalSection(ProjectConfigurationPlatforms) = postSolution
		{5E3A07C7-8935-4E6B-B205-316BEC4FD443}.Debug|Any CPU.ActiveCfg = Debug|Any CPU
		{5E3A07C7-8935-4E6B-B205-316BEC4FD443}.Debug|Any CPU.Build.0 = Debug|Any CPU
		{5E3A07C7-8935-4E6B-B205-316BEC4FD443}.Release|Any CPU.ActiveCfg = Release|Any CPU
		{5E3A07C7-8935-4E6B-B205-316BEC4FD443}.Release|Any CPU.Build.0 = Release|Any CPU
		{E6367680-B019-4D82-9229-90F02402B54F}.Debug|Any CPU.ActiveCfg = Debug|Any CPU
		{E6367680-B019-4D82-9229-90F02402B54F}.Debug|Any CPU.Build.0 = Debug|Any CPU
		{E6367680-B019-4D82-9229-90F02402B54F}.Release|Any CPU.ActiveCfg = Release|Any CPU
		{E6367680-B019-4D82-9229-90F02402B54F}.Release|Any CPU.Build.0 = Release|Any CPU
		{FC2C2ECE-1240-4692-B450-09B42FD795C7}.Debug|Any CPU.ActiveCfg = Debug|Any CPU
		{FC2C2ECE-1240-4692-B450-09B42FD795C7}.Debug|Any CPU.Build.0 = Debug|Any CPU
		{FC2C2ECE-1240-4692-B450-09B42FD795C7}.Release|Any CPU.ActiveCfg = Release|Any CPU
		{FC2C2ECE-1240-4692-B450-09B42FD795C7}.Release|Any CPU.Build.0 = Release|Any CPU
		{C189820C-0CD7-4077-ACE8-497D62240E1C}.Debug|Any CPU.ActiveCfg = Debug|Any CPU
		{C189820C-0CD7-4077-ACE8-497D62240E1C}.Debug|Any CPU.Build.0 = Debug|Any CPU
		{C189820C-0CD7-4077-ACE8-497D62240E1C}.Release|Any CPU.ActiveCfg = Release|Any CPU
		{C189820C-0CD7-4077-ACE8-497D62240E1C}.Release|Any CPU.Build.0 = Release|Any CPU
	EndGlobalSection
	GlobalSection(SolutionProperties) = preSolution
		HideSolutionNode = FALSE
	EndGlobalSection
EndGlobal
